
Microsoft Visual Studio Solution File, Format Version 12.00
# Visual Studio Version 17
VisualStudioVersion = 17.10.34916.146
MinimumVisualStudioVersion = 10.0.40219.1
Project("{FAE04EC0-301F-11D3-BF4B-00C04F79EFBC}") = "KN_Web", "KN_Web\KN_Web.csproj", "{674C9761-9FAF-4C58-8F22-192BC0849C6A}"
EndProject
Global
	GlobalSection(SolutionConfigurationPlatforms) = preSolution
		Debug|Any CPU = Debug|Any CPU
		Release|Any CPU = Release|Any CPU
	EndGlobalSection
	GlobalSection(ProjectConfigurationPlatforms) = postSolution
		{674C9761-9FAF-4C58-8F22-192BC0849C6A}.Debug|Any CPU.ActiveCfg = Debug|Any CPU
		{674C9761-9FAF-4C58-8F22-192BC0849C6A}.Debug|Any CPU.Build.0 = Debug|Any CPU
		{674C9761-9FAF-4C58-8F22-192BC0849C6A}.Release|Any CPU.ActiveCfg = Release|Any CPU
		{674C9761-9FAF-4C58-8F22-192BC0849C6A}.Release|Any CPU.Build.0 = Release|Any CPU
	EndGlobalSection
	GlobalSection(SolutionProperties) = preSolution
		HideSolutionNode = FALSE
	EndGlobalSection
	GlobalSection(ExtensibilityGlobals) = postSolution
		SolutionGuid = {50259AD3-D161-45EF-B08F-614AEAF40139}
	EndGlobalSection
EndGlobal
